
Microsoft Visual Studio Solution File, Format Version 12.00
# Visual Studio Version 17
VisualStudioVersion = 17.8.34330.188
MinimumVisualStudioVersion = 10.0.40219.1
Project("{FAE04EC0-301F-11D3-BF4B-00C04F79EFBC}") = "OpSys3", "OpSys3.csproj", "{0D3A7AC7-F46B-4F83-88DC-52A4BE9C4F52}"
EndProject
Global
	GlobalSection(SolutionConfigurationPlatforms) = preSolution
		Debug|Any CPU = Debug|Any CPU
		Release|Any CPU = Release|Any CPU
	EndGlobalSection
	GlobalSection(ProjectConfigurationPlatforms) = postSolution
		{0D3A7AC7-F46B-4F83-88DC-52A4BE9C4F52}.Debug|Any CPU.ActiveCfg = Debug|Any CPU
		{0D3A7AC7-F46B-4F83-88DC-52A4BE9C4F52}.Debug|Any CPU.Build.0 = Debug|Any CPU
		{0D3A7AC7-F46B-4F83-88DC-52A4BE9C4F52}.Release|Any CPU.ActiveCfg = Release|Any CPU
		{0D3A7AC7-F46B-4F83-88DC-52A4BE9C4F52}.Release|Any CPU.Build.0 = Release|Any CPU
	EndGlobalSection
	GlobalSection(SolutionProperties) = preSolution
		HideSolutionNode = FALSE
	EndGlobalSection
	GlobalSection(ExtensibilityGlobals) = postSolution
		SolutionGuid = {21865C80-767C-4840-9BFE-1119A0917F3E}
	EndGlobalSection
EndGlobal
